
Microsoft Visual Studio Solution File, Format Version 12.00
# Visual Studio Version 17
VisualStudioVersion = 17.12.35707.178
MinimumVisualStudioVersion = 10.0.40219.1
Project("{FAE04EC0-301F-11D3-BF4B-00C04F79EFBC}") = "Eyesolaris.DynamicLoading", "Eyesolaris.DynamicLoading\Eyesolaris.DynamicLoading.csproj", "{DAC1E61B-C241-48D6-A522-7016B51223F1}"
EndProject
Project("{FAE04EC0-301F-11D3-BF4B-00C04F79EFBC}") = "Tests", "Tests\Tests.csproj", "{5CF39542-25D1-4B22-814F-0F874A6B4949}"
EndProject
Project("{FAE04EC0-301F-11D3-BF4B-00C04F79EFBC}") = "DynamicTestAssembly", "DynamicTestAssembly\DynamicTestAssembly.csproj", "{130074A4-FC23-4604-8E83-79C9CADF524A}"
EndProject
Project("{FAE04EC0-301F-11D3-BF4B-00C04F79EFBC}") = "DynamicTestInterfaces", "DynamicTestInterfaces\DynamicTestInterfaces.csproj", "{C9B44973-0186-4E5F-8556-3ABBB019DC1A}"
EndProject
Global
	GlobalSection(SolutionConfigurationPlatforms) = preSolution
		Debug|Any CPU = Debug|Any CPU
		Release|Any CPU = Release|Any CPU
	EndGlobalSection
	GlobalSection(ProjectConfigurationPlatforms) = postSolution
		{DAC1E61B-C241-48D6-A522-7016B51223F1}.Debug|Any CPU.ActiveCfg = Debug|Any CPU
		{DAC1E61B-C241-48D6-A522-7016B51223F1}.Debug|Any CPU.Build.0 = Debug|Any CPU
		{DAC1E61B-C241-48D6-A522-7016B51223F1}.Release|Any CPU.ActiveCfg = Release|Any CPU
		{DAC1E61B-C241-48D6-A522-7016B51223F1}.Release|Any CPU.Build.0 = Release|Any CPU
		{5CF39542-25D1-4B22-814F-0F874A6B4949}.Debug|Any CPU.ActiveCfg = Debug|Any CPU
		{5CF39542-25D1-4B22-814F-0F874A6B4949}.Debug|Any CPU.Build.0 = Debug|Any CPU
		{5CF39542-25D1-4B22-814F-0F874A6B4949}.Release|Any CPU.ActiveCfg = Release|Any CPU
		{5CF39542-25D1-4B22-814F-0F874A6B4949}.Release|Any CPU.Build.0 = Release|Any CPU
		{130074A4-FC23-4604-8E83-79C9CADF524A}.Debug|Any CPU.ActiveCfg = Debug|Any CPU
		{130074A4-FC23-4604-8E83-79C9CADF524A}.Debug|Any CPU.Build.0 = Debug|Any CPU
		{130074A4-FC23-4604-8E83-79C9CADF524A}.Release|Any CPU.ActiveCfg = Release|Any CPU
		{130074A4-FC23-4604-8E83-79C9CADF524A}.Release|Any CPU.Build.0 = Release|Any CPU
		{C9B44973-0186-4E5F-8556-3ABBB019DC1A}.Debug|Any CPU.ActiveCfg = Debug|Any CPU
		{C9B44973-0186-4E5F-8556-3ABBB019DC1A}.Debug|Any CPU.Build.0 = Debug|Any CPU
		{C9B44973-0186-4E5F-8556-3ABBB019DC1A}.Release|Any CPU.ActiveCfg = Release|Any CPU
		{C9B44973-0186-4E5F-8556-3ABBB019DC1A}.Release|Any CPU.Build.0 = Release|Any CPU
	EndGlobalSection
	GlobalSection(SolutionProperties) = preSolution
		HideSolutionNode = FALSE
	EndGlobalSection
EndGlobal
